// !$*UTF8*$!
{
	archiveVersion = 1;
	classes = {
	};
	objectVersion = 46;
	objects = {

/* Begin PBXBuildFile section */
		273B923AE12611E777F2D7FD /* Pods_MiChat.framework in Frameworks */ = {isa = PBXBuildFile; fileRef = 00AEFD235D064281AB58FABA /* Pods_MiChat.framework */; };
		A6B3FB4C1D669CFE00CCB9BE /* BaseNavigationViewController.swift in Sources */ = {isa = PBXBuildFile; fileRef = A6B3FB4B1D669CFE00CCB9BE /* BaseNavigationViewController.swift */; };
		A6B3FB511D66A78D00CCB9BE /* CustomTabBarViewController.swift in Sources */ = {isa = PBXBuildFile; fileRef = A6B3FB4E1D66A78D00CCB9BE /* CustomTabBarViewController.swift */; };
		A6B3FB521D66A78D00CCB9BE /* QFQTabBarButton.swift in Sources */ = {isa = PBXBuildFile; fileRef = A6B3FB4F1D66A78D00CCB9BE /* QFQTabBarButton.swift */; };
		A6B3FB531D66A78D00CCB9BE /* TabBarView.swift in Sources */ = {isa = PBXBuildFile; fileRef = A6B3FB501D66A78D00CCB9BE /* TabBarView.swift */; };
		A6B3FB551D66ACAE00CCB9BE /* HomeViewController.swift in Sources */ = {isa = PBXBuildFile; fileRef = A6B3FB541D66ACAE00CCB9BE /* HomeViewController.swift */; };
		A6B3FB581D66B3B500CCB9BE /* ColorTool.swift in Sources */ = {isa = PBXBuildFile; fileRef = A6B3FB571D66B3B500CCB9BE /* ColorTool.swift */; };
		A6B3FB5A1D66B77500CCB9BE /* Config.swift in Sources */ = {isa = PBXBuildFile; fileRef = A6B3FB591D66B77500CCB9BE /* Config.swift */; };
		A6B3FB5E1D66B94C00CCB9BE /* ChatTableViewCell.swift in Sources */ = {isa = PBXBuildFile; fileRef = A6B3FB5D1D66B94C00CCB9BE /* ChatTableViewCell.swift */; };
		A6B3FB601D66D44E00CCB9BE /* UILabel+Base.swift in Sources */ = {isa = PBXBuildFile; fileRef = A6B3FB5F1D66D44E00CCB9BE /* UILabel+Base.swift */; };
		A6B3FB621D66DC2B00CCB9BE /* MiSocketServe.swift in Sources */ = {isa = PBXBuildFile; fileRef = A6B3FB611D66DC2B00CCB9BE /* MiSocketServe.swift */; };
		A6B3FB6F1D6703B900CCB9BE /* UserInfo.swift in Sources */ = {isa = PBXBuildFile; fileRef = A6B3FB6E1D6703B900CCB9BE /* UserInfo.swift */; };
		B30BB5591D6AEA7E0098ADA1 /* ChatInterfaceViewController.swift in Sources */ = {isa = PBXBuildFile; fileRef = B30BB5581D6AEA7E0098ADA1 /* ChatInterfaceViewController.swift */; };
		B30BB55B1D6AEA900098ADA1 /* ChatInfo.swift in Sources */ = {isa = PBXBuildFile; fileRef = B30BB55A1D6AEA900098ADA1 /* ChatInfo.swift */; };
		B30BB55D1D6AEAB50098ADA1 /* ChatContentCell.swift in Sources */ = {isa = PBXBuildFile; fileRef = B30BB55C1D6AEAB50098ADA1 /* ChatContentCell.swift */; };
		B313654F1D65B2F500FC69FD /* AppDelegate.swift in Sources */ = {isa = PBXBuildFile; fileRef = B313654B1D65B2F500FC69FD /* AppDelegate.swift */; };
		B31365501D65B2F500FC69FD /* Assets.xcassets in Resources */ = {isa = PBXBuildFile; fileRef = B313654C1D65B2F500FC69FD /* Assets.xcassets */; };
		B331C5151D669ACD0064EC7D /* LoginViewController.swift in Sources */ = {isa = PBXBuildFile; fileRef = B331C5141D669ACD0064EC7D /* LoginViewController.swift */; };
		B331C5181D669B040064EC7D /* BaseViewController.swift in Sources */ = {isa = PBXBuildFile; fileRef = B331C5171D669B040064EC7D /* BaseViewController.swift */; };
		B35A3EF51D59660500428F22 /* MiChatTests.swift in Sources */ = {isa = PBXBuildFile; fileRef = B35A3EF41D59660500428F22 /* MiChatTests.swift */; };
		B35A3F001D59660500428F22 /* MiChatUITests.swift in Sources */ = {isa = PBXBuildFile; fileRef = B35A3EFF1D59660500428F22 /* MiChatUITests.swift */; };
/* End PBXBuildFile section */

/* Begin PBXContainerItemProxy section */
		B35A3EF11D59660500428F22 /* PBXContainerItemProxy */ = {
			isa = PBXContainerItemProxy;
			containerPortal = B35A3ED41D59660500428F22 /* Project object */;
			proxyType = 1;
			remoteGlobalIDString = B35A3EDB1D59660500428F22;
			remoteInfo = MiChat;
		};
		B35A3EFC1D59660500428F22 /* PBXContainerItemProxy */ = {
			isa = PBXContainerItemProxy;
			containerPortal = B35A3ED41D59660500428F22 /* Project object */;
			proxyType = 1;
			remoteGlobalIDString = B35A3EDB1D59660500428F22;
			remoteInfo = MiChat;
		};
/* End PBXContainerItemProxy section */

/* Begin PBXFileReference section */
		00AEFD235D064281AB58FABA /* Pods_MiChat.framework */ = {isa = PBXFileReference; explicitFileType = wrapper.framework; includeInIndex = 0; path = Pods_MiChat.framework; sourceTree = BUILT_PRODUCTS_DIR; };
		4BE8240F021C8E60937B2D68 /* Pods-MiChat.release.xcconfig */ = {isa = PBXFileReference; includeInIndex = 1; lastKnownFileType = text.xcconfig; name = "Pods-MiChat.release.xcconfig"; path = "Pods/Target Support Files/Pods-MiChat/Pods-MiChat.release.xcconfig"; sourceTree = "<group>"; };
		68A5B8C58C267C78018A0477 /* Pods-MiChat.debug.xcconfig */ = {isa = PBXFileReference; includeInIndex = 1; lastKnownFileType = text.xcconfig; name = "Pods-MiChat.debug.xcconfig"; path = "Pods/Target Support Files/Pods-MiChat/Pods-MiChat.debug.xcconfig"; sourceTree = "<group>"; };
		A6B3FB4B1D669CFE00CCB9BE /* BaseNavigationViewController.swift */ = {isa = PBXFileReference; fileEncoding = 4; lastKnownFileType = sourcecode.swift; path = BaseNavigationViewController.swift; sourceTree = "<group>"; };
		A6B3FB4E1D66A78D00CCB9BE /* CustomTabBarViewController.swift */ = {isa = PBXFileReference; fileEncoding = 4; lastKnownFileType = sourcecode.swift; path = CustomTabBarViewController.swift; sourceTree = "<group>"; };
		A6B3FB4F1D66A78D00CCB9BE /* QFQTabBarButton.swift */ = {isa = PBXFileReference; fileEncoding = 4; lastKnownFileType = sourcecode.swift; path = QFQTabBarButton.swift; sourceTree = "<group>"; };
		A6B3FB501D66A78D00CCB9BE /* TabBarView.swift */ = {isa = PBXFileReference; fileEncoding = 4; lastKnownFileType = sourcecode.swift; path = TabBarView.swift; sourceTree = "<group>"; };
		A6B3FB541D66ACAE00CCB9BE /* HomeViewController.swift */ = {isa = PBXFileReference; fileEncoding = 4; lastKnownFileType = sourcecode.swift; path = HomeViewController.swift; sourceTree = "<group>"; };
		A6B3FB571D66B3B500CCB9BE /* ColorTool.swift */ = {isa = PBXFileReference; fileEncoding = 4; lastKnownFileType = sourcecode.swift; path = ColorTool.swift; sourceTree = "<group>"; };
		A6B3FB591D66B77500CCB9BE /* Config.swift */ = {isa = PBXFileReference; fileEncoding = 4; lastKnownFileType = sourcecode.swift; path = Config.swift; sourceTree = "<group>"; };
		A6B3FB5D1D66B94C00CCB9BE /* ChatTableViewCell.swift */ = {isa = PBXFileReference; fileEncoding = 4; lastKnownFileType = sourcecode.swift; path = ChatTableViewCell.swift; sourceTree = "<group>"; };
		A6B3FB5F1D66D44E00CCB9BE /* UILabel+Base.swift */ = {isa = PBXFileReference; fileEncoding = 4; lastKnownFileType = sourcecode.swift; path = "UILabel+Base.swift"; sourceTree = "<group>"; };
		A6B3FB611D66DC2B00CCB9BE /* MiSocketServe.swift */ = {isa = PBXFileReference; fileEncoding = 4; lastKnownFileType = sourcecode.swift; path = MiSocketServe.swift; sourceTree = "<group>"; };
		A6B3FB6E1D6703B900CCB9BE /* UserInfo.swift */ = {isa = PBXFileReference; fileEncoding = 4; lastKnownFileType = sourcecode.swift; path = UserInfo.swift; sourceTree = "<group>"; };
		B30BB5581D6AEA7E0098ADA1 /* ChatInterfaceViewController.swift */ = {isa = PBXFileReference; fileEncoding = 4; lastKnownFileType = sourcecode.swift; path = ChatInterfaceViewController.swift; sourceTree = "<group>"; };
		B30BB55A1D6AEA900098ADA1 /* ChatInfo.swift */ = {isa = PBXFileReference; fileEncoding = 4; lastKnownFileType = sourcecode.swift; path = ChatInfo.swift; sourceTree = "<group>"; };
		B30BB55C1D6AEAB50098ADA1 /* ChatContentCell.swift */ = {isa = PBXFileReference; fileEncoding = 4; lastKnownFileType = sourcecode.swift; path = ChatContentCell.swift; sourceTree = "<group>"; };
		B313654B1D65B2F500FC69FD /* AppDelegate.swift */ = {isa = PBXFileReference; fileEncoding = 4; lastKnownFileType = sourcecode.swift; path = AppDelegate.swift; sourceTree = "<group>"; };
		B313654C1D65B2F500FC69FD /* Assets.xcassets */ = {isa = PBXFileReference; lastKnownFileType = folder.assetcatalog; path = Assets.xcassets; sourceTree = "<group>"; };
		B313654D1D65B2F500FC69FD /* Info.plist */ = {isa = PBXFileReference; fileEncoding = 4; lastKnownFileType = text.plist.xml; path = Info.plist; sourceTree = "<group>"; };
		B31365531D65B46500FC69FD /* MiChatHeader.h */ = {isa = PBXFileReference; fileEncoding = 4; lastKnownFileType = sourcecode.c.h; path = MiChatHeader.h; sourceTree = "<group>"; };
		B331C5141D669ACD0064EC7D /* LoginViewController.swift */ = {isa = PBXFileReference; fileEncoding = 4; lastKnownFileType = sourcecode.swift; path = LoginViewController.swift; sourceTree = "<group>"; };
		B331C5171D669B040064EC7D /* BaseViewController.swift */ = {isa = PBXFileReference; fileEncoding = 4; lastKnownFileType = sourcecode.swift; path = BaseViewController.swift; sourceTree = "<group>"; };
		B35A3EDC1D59660500428F22 /* MiChat.app */ = {isa = PBXFileReference; explicitFileType = wrapper.application; includeInIndex = 0; path = MiChat.app; sourceTree = BUILT_PRODUCTS_DIR; };
		B35A3EF01D59660500428F22 /* MiChatTests.xctest */ = {isa = PBXFileReference; explicitFileType = wrapper.cfbundle; includeInIndex = 0; path = MiChatTests.xctest; sourceTree = BUILT_PRODUCTS_DIR; };
		B35A3EF41D59660500428F22 /* MiChatTests.swift */ = {isa = PBXFileReference; lastKnownFileType = sourcecode.swift; path = MiChatTests.swift; sourceTree = "<group>"; };
		B35A3EF61D59660500428F22 /* Info.plist */ = {isa = PBXFileReference; lastKnownFileType = text.plist.xml; path = Info.plist; sourceTree = "<group>"; };
		B35A3EFB1D59660500428F22 /* MiChatUITests.xctest */ = {isa = PBXFileReference; explicitFileType = wrapper.cfbundle; includeInIndex = 0; path = MiChatUITests.xctest; sourceTree = BUILT_PRODUCTS_DIR; };
		B35A3EFF1D59660500428F22 /* MiChatUITests.swift */ = {isa = PBXFileReference; lastKnownFileType = sourcecode.swift; path = MiChatUITests.swift; sourceTree = "<group>"; };
		B35A3F011D59660500428F22 /* Info.plist */ = {isa = PBXFileReference; lastKnownFileType = text.plist.xml; path = Info.plist; sourceTree = "<group>"; };
/* End PBXFileReference section */

/* Begin PBXFrameworksBuildPhase section */
		B35A3ED91D59660500428F22 /* Frameworks */ = {
			isa = PBXFrameworksBuildPhase;
			buildActionMask = 2147483647;
			files = (
				273B923AE12611E777F2D7FD /* Pods_MiChat.framework in Frameworks */,
			);
			runOnlyForDeploymentPostprocessing = 0;
		};
		B35A3EED1D59660500428F22 /* Frameworks */ = {
			isa = PBXFrameworksBuildPhase;
			buildActionMask = 2147483647;
			files = (
			);
			runOnlyForDeploymentPostprocessing = 0;
		};
		B35A3EF81D59660500428F22 /* Frameworks */ = {
			isa = PBXFrameworksBuildPhase;
			buildActionMask = 2147483647;
			files = (
			);
			runOnlyForDeploymentPostprocessing = 0;
		};
/* End PBXFrameworksBuildPhase section */

/* Begin PBXGroup section */
		A6B3FB4D1D66A78200CCB9BE /* UI */ = {
			isa = PBXGroup;
			children = (
				A6B3FB4E1D66A78D00CCB9BE /* CustomTabBarViewController.swift */,
				A6B3FB4F1D66A78D00CCB9BE /* QFQTabBarButton.swift */,
				A6B3FB501D66A78D00CCB9BE /* TabBarView.swift */,
			);
			path = UI;
			sourceTree = "<group>";
		};
		A6B3FB561D66B38800CCB9BE /* Goods */ = {
			isa = PBXGroup;
			children = (
				A6B3FB571D66B3B500CCB9BE /* ColorTool.swift */,
				A6B3FB611D66DC2B00CCB9BE /* MiSocketServe.swift */,
			);
			path = Goods;
			sourceTree = "<group>";
		};
		A6B3FB5B1D66B90700CCB9BE /* Model */ = {
			isa = PBXGroup;
			children = (
				A6B3FB6E1D6703B900CCB9BE /* UserInfo.swift */,
			);
			path = Model;
			sourceTree = "<group>";
		};
		A6B3FB5C1D66B90700CCB9BE /* View */ = {
			isa = PBXGroup;
			children = (
				A6B3FB5D1D66B94C00CCB9BE /* ChatTableViewCell.swift */,
			);
			path = View;
			sourceTree = "<group>";
		};
		B30BB5541D6AEA060098ADA1 /* ChatInterface */ = {
			isa = PBXGroup;
			children = (
				B30BB5551D6AEA5C0098ADA1 /* Controller */,
				B30BB5561D6AEA5C0098ADA1 /* Model */,
				B30BB5571D6AEA5C0098ADA1 /* View */,
			);
			path = ChatInterface;
			sourceTree = "<group>";
		};
		B30BB5551D6AEA5C0098ADA1 /* Controller */ = {
			isa = PBXGroup;
			children = (
				B30BB5581D6AEA7E0098ADA1 /* ChatInterfaceViewController.swift */,
			);
			path = Controller;
			sourceTree = "<group>";
		};
		B30BB5561D6AEA5C0098ADA1 /* Model */ = {
			isa = PBXGroup;
			children = (
				B30BB55A1D6AEA900098ADA1 /* ChatInfo.swift */,
			);
			path = Model;
			sourceTree = "<group>";
		};
		B30BB5571D6AEA5C0098ADA1 /* View */ = {
			isa = PBXGroup;
			children = (
				B30BB55C1D6AEAB50098ADA1 /* ChatContentCell.swift */,
			);
			path = View;
			sourceTree = "<group>";
		};
		B31365471D65B27400FC69FD /* MiChat */ = {
			isa = PBXGroup;
			children = (
				B30BB5541D6AEA060098ADA1 /* ChatInterface */,
				B331C5121D669A9F0064EC7D /* Home */,
			);
			path = MiChat;
			sourceTree = "<group>";
		};
		B31365481D65B27400FC69FD /* Supporting Files */ = {
			isa = PBXGroup;
			children = (
				B313654B1D65B2F500FC69FD /* AppDelegate.swift */,
				B313654C1D65B2F500FC69FD /* Assets.xcassets */,
				B313654D1D65B2F500FC69FD /* Info.plist */,
				B31365531D65B46500FC69FD /* MiChatHeader.h */,
				A6B3FB591D66B77500CCB9BE /* Config.swift */,
			);
			path = "Supporting Files";
			sourceTree = "<group>";
		};
		B31365491D65B27400FC69FD /* Tool */ = {
			isa = PBXGroup;
			children = (
				A6B3FB561D66B38800CCB9BE /* Goods */,
				A6B3FB4D1D66A78200CCB9BE /* UI */,
				B331C5161D669AE20064EC7D /* BaseClass */,
			);
			path = Tool;
			sourceTree = "<group>";
		};
		B331C5121D669A9F0064EC7D /* Home */ = {
			isa = PBXGroup;
			children = (
				A6B3FB5B1D66B90700CCB9BE /* Model */,
				A6B3FB5C1D66B90700CCB9BE /* View */,
				B331C5131D669AB30064EC7D /* Controller */,
			);
			path = Home;
			sourceTree = "<group>";
		};
		B331C5131D669AB30064EC7D /* Controller */ = {
			isa = PBXGroup;
			children = (
				B331C5141D669ACD0064EC7D /* LoginViewController.swift */,
				A6B3FB541D66ACAE00CCB9BE /* HomeViewController.swift */,
			);
			path = Controller;
			sourceTree = "<group>";
		};
		B331C5161D669AE20064EC7D /* BaseClass */ = {
			isa = PBXGroup;
			children = (
				A6B3FB5F1D66D44E00CCB9BE /* UILabel+Base.swift */,
				B331C5171D669B040064EC7D /* BaseViewController.swift */,
				A6B3FB4B1D669CFE00CCB9BE /* BaseNavigationViewController.swift */,
			);
			path = BaseClass;
			sourceTree = "<group>";
		};
		B35A3ED31D59660500428F22 = {
			isa = PBXGroup;
			children = (
				B35A3EDE1D59660500428F22 /* MiChat */,
				B35A3EF31D59660500428F22 /* MiChatTests */,
				B35A3EFE1D59660500428F22 /* MiChatUITests */,
				B35A3EDD1D59660500428F22 /* Products */,
				FE7C735A1567BFAFB9F3CC1D /* Pods */,
				F8E2B0DCFD12C63E5072EFD8 /* Frameworks */,
			);
			sourceTree = "<group>";
		};
		B35A3EDD1D59660500428F22 /* Products */ = {
			isa = PBXGroup;
			children = (
				B35A3EDC1D59660500428F22 /* MiChat.app */,
				B35A3EF01D59660500428F22 /* MiChatTests.xctest */,
				B35A3EFB1D59660500428F22 /* MiChatUITests.xctest */,
			);
			name = Products;
			sourceTree = "<group>";
		};
		B35A3EDE1D59660500428F22 /* MiChat */ = {
			isa = PBXGroup;
			children = (
				B31365471D65B27400FC69FD /* MiChat */,
				B31365491D65B27400FC69FD /* Tool */,
				B31365481D65B27400FC69FD /* Supporting Files */,
			);
			path = MiChat;
			sourceTree = "<group>";
		};
		B35A3EF31D59660500428F22 /* MiChatTests */ = {
			isa = PBXGroup;
			children = (
				B35A3EF41D59660500428F22 /* MiChatTests.swift */,
				B35A3EF61D59660500428F22 /* Info.plist */,
			);
			path = MiChatTests;
			sourceTree = "<group>";
		};
		B35A3EFE1D59660500428F22 /* MiChatUITests */ = {
			isa = PBXGroup;
			children = (
				B35A3EFF1D59660500428F22 /* MiChatUITests.swift */,
				B35A3F011D59660500428F22 /* Info.plist */,
			);
			path = MiChatUITests;
			sourceTree = "<group>";
		};
		F8E2B0DCFD12C63E5072EFD8 /* Frameworks */ = {
			isa = PBXGroup;
			children = (
				00AEFD235D064281AB58FABA /* Pods_MiChat.framework */,
			);
			name = Frameworks;
			sourceTree = "<group>";
		};
		FE7C735A1567BFAFB9F3CC1D /* Pods */ = {
			isa = PBXGroup;
			children = (
				68A5B8C58C267C78018A0477 /* Pods-MiChat.debug.xcconfig */,
				4BE8240F021C8E60937B2D68 /* Pods-MiChat.release.xcconfig */,
			);
			name = Pods;
			sourceTree = "<group>";
		};
/* End PBXGroup section */

/* Begin PBXNativeTarget section */
		B35A3EDB1D59660500428F22 /* MiChat */ = {
			isa = PBXNativeTarget;
			buildConfigurationList = B35A3F041D59660500428F22 /* Build configuration list for PBXNativeTarget "MiChat" */;
			buildPhases = (
				DCD87D1470888FF825CDC6AA /* Check Pods Manifest.lock */,
				B35A3ED81D59660500428F22 /* Sources */,
				B35A3ED91D59660500428F22 /* Frameworks */,
				B35A3EDA1D59660500428F22 /* Resources */,
				A752499C19521B045628F939 /* Embed Pods Frameworks */,
				558A819A16989ABB9C909B9B /* Copy Pods Resources */,
			);
			buildRules = (
			);
			dependencies = (
			);
			name = MiChat;
			productName = MiChat;
			productReference = B35A3EDC1D59660500428F22 /* MiChat.app */;
			productType = "com.apple.product-type.application";
		};
		B35A3EEF1D59660500428F22 /* MiChatTests */ = {
			isa = PBXNativeTarget;
			buildConfigurationList = B35A3F071D59660500428F22 /* Build configuration list for PBXNativeTarget "MiChatTests" */;
			buildPhases = (
				B35A3EEC1D59660500428F22 /* Sources */,
				B35A3EED1D59660500428F22 /* Frameworks */,
				B35A3EEE1D59660500428F22 /* Resources */,
			);
			buildRules = (
			);
			dependencies = (
				B35A3EF21D59660500428F22 /* PBXTargetDependency */,
			);
			name = MiChatTests;
			productName = MiChatTests;
			productReference = B35A3EF01D59660500428F22 /* MiChatTests.xctest */;
			productType = "com.apple.product-type.bundle.unit-test";
		};
		B35A3EFA1D59660500428F22 /* MiChatUITests */ = {
			isa = PBXNativeTarget;
			buildConfigurationList = B35A3F0A1D59660500428F22 /* Build configuration list for PBXNativeTarget "MiChatUITests" */;
			buildPhases = (
				B35A3EF71D59660500428F22 /* Sources */,
				B35A3EF81D59660500428F22 /* Frameworks */,
				B35A3EF91D59660500428F22 /* Resources */,
			);
			buildRules = (
			);
			dependencies = (
				B35A3EFD1D59660500428F22 /* PBXTargetDependency */,
			);
			name = MiChatUITests;
			productName = MiChatUITests;
			productReference = B35A3EFB1D59660500428F22 /* MiChatUITests.xctest */;
			productType = "com.apple.product-type.bundle.ui-testing";
		};
/* End PBXNativeTarget section */

/* Begin PBXProject section */
		B35A3ED41D59660500428F22 /* Project object */ = {
			isa = PBXProject;
			attributes = {
				LastSwiftUpdateCheck = 0730;
				LastUpgradeCheck = 0730;
				ORGANIZATIONNAME = mikey;
				TargetAttributes = {
					B35A3EDB1D59660500428F22 = {
						CreatedOnToolsVersion = 7.3.1;
					};
					B35A3EEF1D59660500428F22 = {
						CreatedOnToolsVersion = 7.3.1;
						TestTargetID = B35A3EDB1D59660500428F22;
					};
					B35A3EFA1D59660500428F22 = {
						CreatedOnToolsVersion = 7.3.1;
						TestTargetID = B35A3EDB1D59660500428F22;
					};
				};
			};
			buildConfigurationList = B35A3ED71D59660500428F22 /* Build configuration list for PBXProject "MiChat" */;
			compatibilityVersion = "Xcode 3.2";
			developmentRegion = English;
			hasScannedForEncodings = 0;
			knownRegions = (
				en,
				Base,
			);
			mainGroup = B35A3ED31D59660500428F22;
			productRefGroup = B35A3EDD1D59660500428F22 /* Products */;
			projectDirPath = "";
			projectRoot = "";
			targets = (
				B35A3EDB1D59660500428F22 /* MiChat */,
				B35A3EEF1D59660500428F22 /* MiChatTests */,
				B35A3EFA1D59660500428F22 /* MiChatUITests */,
			);
		};
/* End PBXProject section */

/* Begin PBXResourcesBuildPhase section */
		B35A3EDA1D59660500428F22 /* Resources */ = {
			isa = PBXResourcesBuildPhase;
			buildActionMask = 2147483647;
			files = (
				B31365501D65B2F500FC69FD /* Assets.xcassets in Resources */,
			);
			runOnlyForDeploymentPostprocessing = 0;
		};
		B35A3EEE1D59660500428F22 /* Resources */ = {
			isa = PBXResourcesBuildPhase;
			buildActionMask = 2147483647;
			files = (
			);
			runOnlyForDeploymentPostprocessing = 0;
		};
		B35A3EF91D59660500428F22 /* Resources */ = {
			isa = PBXResourcesBuildPhase;
			buildActionMask = 2147483647;
			files = (
			);
			runOnlyForDeploymentPostprocessing = 0;
		};
/* End PBXResourcesBuildPhase section */

/* Begin PBXShellScriptBuildPhase section */
		558A819A16989ABB9C909B9B /* Copy Pods Resources */ = {
			isa = PBXShellScriptBuildPhase;
			buildActionMask = 2147483647;
			files = (
			);
			inputPaths = (
			);
			name = "Copy Pods Resources";
			outputPaths = (
			);
			runOnlyForDeploymentPostprocessing = 0;
			shellPath = /bin/sh;
			shellScript = "\"${SRCROOT}/Pods/Target Support Files/Pods-MiChat/Pods-MiChat-resources.sh\"\n";
			showEnvVarsInLog = 0;
		};
		A752499C19521B045628F939 /* Embed Pods Frameworks */ = {
			isa = PBXShellScriptBuildPhase;
			buildActionMask = 2147483647;
			files = (
			);
			inputPaths = (
			);
			name = "Embed Pods Frameworks";
			outputPaths = (
			);
			runOnlyForDeploymentPostprocessing = 0;
			shellPath = /bin/sh;
			shellScript = "\"${SRCROOT}/Pods/Target Support Files/Pods-MiChat/Pods-MiChat-frameworks.sh\"\n";
			showEnvVarsInLog = 0;
		};
		DCD87D1470888FF825CDC6AA /* Check Pods Manifest.lock */ = {
			isa = PBXShellScriptBuildPhase;
			buildActionMask = 2147483647;
			files = (
			);
			inputPaths = (
			);
			name = "Check Pods Manifest.lock";
			outputPaths = (
			);
			runOnlyForDeploymentPostprocessing = 0;
			shellPath = /bin/sh;
			shellScript = "diff \"${PODS_ROOT}/../Podfile.lock\" \"${PODS_ROOT}/Manifest.lock\" > /dev/null\nif [[ $? != 0 ]] ; then\n    cat << EOM\nerror: The sandbox is not in sync with the Podfile.lock. Run 'pod install' or update your CocoaPods installation.\nEOM\n    exit 1\nfi\n";
			showEnvVarsInLog = 0;
		};
/* End PBXShellScriptBuildPhase section */

/* Begin PBXSourcesBuildPhase section */
		B35A3ED81D59660500428F22 /* Sources */ = {
			isa = PBXSourcesBuildPhase;
			buildActionMask = 2147483647;
			files = (
				B331C5151D669ACD0064EC7D /* LoginViewController.swift in Sources */,
				B331C5181D669B040064EC7D /* BaseViewController.swift in Sources */,
				A6B3FB531D66A78D00CCB9BE /* TabBarView.swift in Sources */,
				A6B3FB581D66B3B500CCB9BE /* ColorTool.swift in Sources */,
				A6B3FB511D66A78D00CCB9BE /* CustomTabBarViewController.swift in Sources */,
				B30BB55D1D6AEAB50098ADA1 /* ChatContentCell.swift in Sources */,
				B30BB55B1D6AEA900098ADA1 /* ChatInfo.swift in Sources */,
				A6B3FB601D66D44E00CCB9BE /* UILabel+Base.swift in Sources */,
				A6B3FB5E1D66B94C00CCB9BE /* ChatTableViewCell.swift in Sources */,
				A6B3FB521D66A78D00CCB9BE /* QFQTabBarButton.swift in Sources */,
				A6B3FB551D66ACAE00CCB9BE /* HomeViewController.swift in Sources */,
				B30BB5591D6AEA7E0098ADA1 /* ChatInterfaceViewController.swift in Sources */,
				A6B3FB5A1D66B77500CCB9BE /* Config.swift in Sources */,
				A6B3FB4C1D669CFE00CCB9BE /* BaseNavigationViewController.swift in Sources */,
				A6B3FB621D66DC2B00CCB9BE /* MiSocketServe.swift in Sources */,
				A6B3FB6F1D6703B900CCB9BE /* UserInfo.swift in Sources */,
				B313654F1D65B2F500FC69FD /* AppDelegate.swift in Sources */,
			);
			runOnlyForDeploymentPostprocessing = 0;
		};
		B35A3EEC1D59660500428F22 /* Sources */ = {
			isa = PBXSourcesBuildPhase;
			buildActionMask = 2147483647;
			files = (
				B35A3EF51D59660500428F22 /* MiChatTests.swift in Sources */,
			);
			runOnlyForDeploymentPostprocessing = 0;
		};
		B35A3EF71D59660500428F22 /* Sources */ = {
			isa = PBXSourcesBuildPhase;
			buildActionMask = 2147483647;
			files = (
				B35A3F001D59660500428F22 /* MiChatUITests.swift in Sources */,
			);
			runOnlyForDeploymentPostprocessing = 0;
		};
/* End PBXSourcesBuildPhase section */

/* Begin PBXTargetDependency section */
		B35A3EF21D59660500428F22 /* PBXTargetDependency */ = {
			isa = PBXTargetDependency;
			target = B35A3EDB1D59660500428F22 /* MiChat */;
			targetProxy = B35A3EF11D59660500428F22 /* PBXContainerItemProxy */;
		};
		B35A3EFD1D59660500428F22 /* PBXTargetDependency */ = {
			isa = PBXTargetDependency;
			target = B35A3EDB1D59660500428F22 /* MiChat */;
			targetProxy = B35A3EFC1D59660500428F22 /* PBXContainerItemProxy */;
		};
/* End PBXTargetDependency section */

/* Begin XCBuildConfiguration section */
		B35A3F021D59660500428F22 /* Debug */ = {
			isa = XCBuildConfiguration;
			buildSettings = {
				ALWAYS_SEARCH_USER_PATHS = NO;
				CLANG_ANALYZER_NONNULL = YES;
				CLANG_CXX_LANGUAGE_STANDARD = "gnu++0x";
				CLANG_CXX_LIBRARY = "libc++";
				CLANG_ENABLE_MODULES = YES;
				CLANG_ENABLE_OBJC_ARC = YES;
				CLANG_WARN_BOOL_CONVERSION = YES;
				CLANG_WARN_CONSTANT_CONVERSION = YES;
				CLANG_WARN_DIRECT_OBJC_ISA_USAGE = YES_ERROR;
				CLANG_WARN_EMPTY_BODY = YES;
				CLANG_WARN_ENUM_CONVERSION = YES;
				CLANG_WARN_INT_CONVERSION = YES;
				CLANG_WARN_OBJC_ROOT_CLASS = YES_ERROR;
				CLANG_WARN_UNREACHABLE_CODE = YES;
				CLANG_WARN__DUPLICATE_METHOD_MATCH = YES;
				"CODE_SIGN_IDENTITY[sdk=iphoneos*]" = "iPhone Developer";
				COPY_PHASE_STRIP = NO;
				DEBUG_INFORMATION_FORMAT = dwarf;
				ENABLE_STRICT_OBJC_MSGSEND = YES;
				ENABLE_TESTABILITY = YES;
				GCC_C_LANGUAGE_STANDARD = gnu99;
				GCC_DYNAMIC_NO_PIC = NO;
				GCC_NO_COMMON_BLOCKS = YES;
				GCC_OPTIMIZATION_LEVEL = 0;
				GCC_PREPROCESSOR_DEFINITIONS = (
					"DEBUG=1",
					"$(inherited)",
				);
				GCC_WARN_64_TO_32_BIT_CONVERSION = YES;
				GCC_WARN_ABOUT_RETURN_TYPE = YES_ERROR;
				GCC_WARN_UNDECLARED_SELECTOR = YES;
				GCC_WARN_UNINITIALIZED_AUTOS = YES_AGGRESSIVE;
				GCC_WARN_UNUSED_FUNCTION = YES;
				GCC_WARN_UNUSED_VARIABLE = YES;
				IPHONEOS_DEPLOYMENT_TARGET = 9.3;
				MTL_ENABLE_DEBUG_INFO = YES;
				ONLY_ACTIVE_ARCH = YES;
				SDKROOT = iphoneos;
				SWIFT_OPTIMIZATION_LEVEL = "-Onone";
			};
			name = Debug;
		};
		B35A3F031D59660500428F22 /* Release */ = {
			isa = XCBuildConfiguration;
			buildSettings = {
				ALWAYS_SEARCH_USER_PATHS = NO;
				CLANG_ANALYZER_NONNULL = YES;
				CLANG_CXX_LANGUAGE_STANDARD = "gnu++0x";
				CLANG_CXX_LIBRARY = "libc++";
				CLANG_ENABLE_MODULES = YES;
				CLANG_ENABLE_OBJC_ARC = YES;
				CLANG_WARN_BOOL_CONVERSION = YES;
				CLANG_WARN_CONSTANT_CONVERSION = YES;
				CLANG_WARN_DIRECT_OBJC_ISA_USAGE = YES_ERROR;
				CLANG_WARN_EMPTY_BODY = YES;
				CLANG_WARN_ENUM_CONVERSION = YES;
				CLANG_WARN_INT_CONVERSION = YES;
				CLANG_WARN_OBJC_ROOT_CLASS = YES_ERROR;
				CLANG_WARN_UNREACHABLE_CODE = YES;
				CLANG_WARN__DUPLICATE_METHOD_MATCH = YES;
				"CODE_SIGN_IDENTITY[sdk=iphoneos*]" = "iPhone Developer";
				COPY_PHASE_STRIP = NO;
				DEBUG_INFORMATION_FORMAT = "dwarf-with-dsym";
				ENABLE_NS_ASSERTIONS = NO;
				ENABLE_STRICT_OBJC_MSGSEND = YES;
				GCC_C_LANGUAGE_STANDARD = gnu99;
				GCC_NO_COMMON_BLOCKS = YES;
				GCC_WARN_64_TO_32_BIT_CONVERSION = YES;
				GCC_WARN_ABOUT_RETURN_TYPE = YES_ERROR;
				GCC_WARN_UNDECLARED_SELECTOR = YES;
				GCC_WARN_UNINITIALIZED_AUTOS = YES_AGGRESSIVE;
				GCC_WARN_UNUSED_FUNCTION = YES;
				GCC_WARN_UNUSED_VARIABLE = YES;
				IPHONEOS_DEPLOYMENT_TARGET = 9.3;
				MTL_ENABLE_DEBUG_INFO = NO;
				SDKROOT = iphoneos;
				VALIDATE_PRODUCT = YES;
			};
			name = Release;
		};
		B35A3F051D59660500428F22 /* Debug */ = {
			isa = XCBuildConfiguration;
			baseConfigurationReference = 68A5B8C58C267C78018A0477 /* Pods-MiChat.debug.xcconfig */;
			buildSettings = {
				ASSETCATALOG_COMPILER_APPICON_NAME = AppIcon;
				ASSETCATALOG_COMPILER_LAUNCHIMAGE_NAME = LaunchImage;
				CLANG_ENABLE_MODULES = YES;
				DEFINES_MODULE = NO;
				INFOPLIST_FILE = "$(SRCROOT)/MiChat/Supporting Files/Info.plist";
				IPHONEOS_DEPLOYMENT_TARGET = 8.0;
				LD_RUNPATH_SEARCH_PATHS = "$(inherited) @executable_path/Frameworks";
				PRODUCT_BUNDLE_IDENTIFIER = com.mikey.michat;
				PRODUCT_NAME = "$(TARGET_NAME)";
				SWIFT_INSTALL_OBJC_HEADER = YES;
				SWIFT_OBJC_BRIDGING_HEADER = "MiChat/Supporting Files/MiChatHeader.h";
				SWIFT_OPTIMIZATION_LEVEL = "-Onone";
			};
			name = Debug;
		};
		B35A3F061D59660500428F22 /* Release */ = {
			isa = XCBuildConfiguration;
			baseConfigurationReference = 4BE8240F021C8E60937B2D68 /* Pods-MiChat.release.xcconfig */;
			buildSettings = {
				ASSETCATALOG_COMPILER_APPICON_NAME = AppIcon;
				ASSETCATALOG_COMPILER_LAUNCHIMAGE_NAME = LaunchImage;
				CLANG_ENABLE_MODULES = YES;
				DEFINES_MODULE = NO;
				INFOPLIST_FILE = "$(SRCROOT)/MiChat/Supporting Files/Info.plist";
				IPHONEOS_DEPLOYMENT_TARGET = 8.0;
				LD_RUNPATH_SEARCH_PATHS = "$(inherited) @executable_path/Frameworks";
				PRODUCT_BUNDLE_IDENTIFIER = com.mikey.michat;
				PRODUCT_NAME = "$(TARGET_NAME)";
				SWIFT_INSTALL_OBJC_HEADER = YES;
				SWIFT_OBJC_BRIDGING_HEADER = "MiChat/Supporting Files/MiChatHeader.h";
			};
			name = Release;
		};
		B35A3F081D59660500428F22 /* Debug */ = {
			isa = XCBuildConfiguration;
			buildSettings = {
				BUNDLE_LOADER = "$(TEST_HOST)";
				INFOPLIST_FILE = MiChatTests/Info.plist;
				LD_RUNPATH_SEARCH_PATHS = "$(inherited) @executable_path/Frameworks @loader_path/Frameworks";
				PRODUCT_BUNDLE_IDENTIFIER = com.mikey.MiChatTests;
				PRODUCT_NAME = "$(TARGET_NAME)";
				TEST_HOST = "$(BUILT_PRODUCTS_DIR)/MiChat.app/MiChat";
			};
			name = Debug;
		};
		B35A3F091D59660500428F22 /* Release */ = {
			isa = XCBuildConfiguration;
			buildSettings = {
				BUNDLE_LOADER = "$(TEST_HOST)";
				INFOPLIST_FILE = MiChatTests/Info.plist;
				LD_RUNPATH_SEARCH_PATHS = "$(inherited) @executable_path/Frameworks @loader_path/Frameworks";
				PRODUCT_BUNDLE_IDENTIFIER = com.mikey.MiChatTests;
				PRODUCT_NAME = "$(TARGET_NAME)";
				TEST_HOST = "$(BUILT_PRODUCTS_DIR)/MiChat.app/MiChat";
			};
			name = Release;
		};
		B35A3F0B1D59660500428F22 /* Debug */ = {
			isa = XCBuildConfiguration;
			buildSettings = {
				INFOPLIST_FILE = MiChatUITests/Info.plist;
				LD_RUNPATH_SEARCH_PATHS = "$(inherited) @executable_path/Frameworks @loader_path/Frameworks";
				PRODUCT_BUNDLE_IDENTIFIER = com.mikey.MiChatUITests;
				PRODUCT_NAME = "$(TARGET_NAME)";
				TEST_TARGET_NAME = MiChat;
			};
			name = Debug;
		};
		B35A3F0C1D59660500428F22 /* Release */ = {
			isa = XCBuildConfiguration;
			buildSettings = {
				INFOPLIST_FILE = MiChatUITests/Info.plist;
				LD_RUNPATH_SEARCH_PATHS = "$(inherited) @executable_path/Frameworks @loader_path/Frameworks";
				PRODUCT_BUNDLE_IDENTIFIER = com.mikey.MiChatUITests;
				PRODUCT_NAME = "$(TARGET_NAME)";
				TEST_TARGET_NAME = MiChat;
			};
			name = Release;
		};
/* End XCBuildConfiguration section */

/* Begin XCConfigurationList section */
		B35A3ED71D59660500428F22 /* Build configuration list for PBXProject "MiChat" */ = {
			isa = XCConfigurationList;
			buildConfigurations = (
				B35A3F021D59660500428F22 /* Debug */,
				B35A3F031D59660500428F22 /* Release */,
			);
			defaultConfigurationIsVisible = 0;
			defaultConfigurationName = Release;
		};
		B35A3F041D59660500428F22 /* Build configuration list for PBXNativeTarget "MiChat" */ = {
			isa = XCConfigurationList;
			buildConfigurations = (
				B35A3F051D59660500428F22 /* Debug */,
				B35A3F061D59660500428F22 /* Release */,
			);
			defaultConfigurationIsVisible = 0;
			defaultConfigurationName = Release;
		};
		B35A3F071D59660500428F22 /* Build configuration list for PBXNativeTarget "MiChatTests" */ = {
			isa = XCConfigurationList;
			buildConfigurations = (
				B35A3F081D59660500428F22 /* Debug */,
				B35A3F091D59660500428F22 /* Release */,
			);
			defaultConfigurationIsVisible = 0;
			defaultConfigurationName = Release;
		};
		B35A3F0A1D59660500428F22 /* Build configuration list for PBXNativeTarget "MiChatUITests" */ = {
			isa = XCConfigurationList;
			buildConfigurations = (
				B35A3F0B1D59660500428F22 /* Debug */,
				B35A3F0C1D59660500428F22 /* Release */,
			);
			defaultConfigurationIsVisible = 0;
			defaultConfigurationName = Release;
		};
/* End XCConfigurationList section */
	};
	rootObject = B35A3ED41D59660500428F22 /* Project object */;
}
